
Microsoft Visual Studio Solution File, Format Version 12.00
# Visual Studio Version 16
VisualStudioVersion = 16.0.29409.12
MinimumVisualStudioVersion = 10.0.40219.1
Project("{8BC9CEB8-8B4A-11D0-8D11-00A0C91BC942}") = "srsvm", "src\arch\srsvm.vcxproj", "{CBCD58A7-1024-4A19-9209-EF38D88858D5}"
EndProject
Project("{8BC9CEB8-8B4A-11D0-8D11-00A0C91BC942}") = "srsvm_as", "src\arch\srsvm_as.vcxproj", "{61F2A834-0295-48C6-A9CB-074E793F8801}"
EndProject
Project("{2150E333-8FDC-42A3-9474-1A3956D46DE8}") = "mod", "mod", "{82770734-7810-434C-8D6B-ED997240B947}"
EndProject
Project("{8BC9CEB8-8B4A-11D0-8D11-00A0C91BC942}") = "math", "src\mod\math\math.vcxproj", "{EB65AD9E-3393-42FB-A38B-5CB2CDEAE607}"
EndProject
Project("{8BC9CEB8-8B4A-11D0-8D11-00A0C91BC942}") = "math_16", "src\mod\math\math_16.vcxproj", "{2EADD9A0-D846-4D9C-B695-633813EA4D1E}"
EndProject
Project("{8BC9CEB8-8B4A-11D0-8D11-00A0C91BC942}") = "math_32", "src\mod\math\math_32.vcxproj", "{0075CF3B-0D08-4C9E-B3BD-89B2372E8EA0}"
EndProject
Project("{8BC9CEB8-8B4A-11D0-8D11-00A0C91BC942}") = "math_64", "src\mod\math\math_64.vcxproj", "{E61E589E-E77B-4878-A83B-36D36638FE90}"
EndProject
Project("{2150E333-8FDC-42A3-9474-1A3956D46DE8}") = "mod_math", "mod_math", "{3B807CE5-ED41-4EEF-B1A3-19865B971163}"
EndProject
Project("{8BC9CEB8-8B4A-11D0-8D11-00A0C91BC942}") = "conversion", "src\mod\conversion\conversion.vcxproj", "{E238942B-CF4C-4370-B0D5-27F4CB9B56A8}"
EndProject
Project("{2150E333-8FDC-42A3-9474-1A3956D46DE8}") = "mod_conversion", "mod_conversion", "{7E31CC37-6D99-400E-B5CD-634CD06C6796}"
EndProject
Project("{8BC9CEB8-8B4A-11D0-8D11-00A0C91BC942}") = "conversion_16", "src\mod\conversion\conversion_16.vcxproj", "{648D027B-4FE7-481E-8A95-99FE1A2C2716}"
EndProject
Project("{8BC9CEB8-8B4A-11D0-8D11-00A0C91BC942}") = "conversion_32", "src\mod\conversion\conversion_32.vcxproj", "{A9F753E0-8C3F-4703-B4C6-170B9AF2F8C9}"
EndProject
Project("{8BC9CEB8-8B4A-11D0-8D11-00A0C91BC942}") = "conversion_64", "src\mod\conversion\conversion_64.vcxproj", "{37114AD9-036F-4A92-9C99-C7C431556A66}"
EndProject
Global
	GlobalSection(SolutionConfigurationPlatforms) = preSolution
		debug_16|x64 = debug_16|x64
		debug_16|x86 = debug_16|x86
		debug_32|x64 = debug_32|x64
		debug_32|x86 = debug_32|x86
		debug_64|x64 = debug_64|x64
		debug_64|x86 = debug_64|x86
		release_16|x64 = release_16|x64
		release_16|x86 = release_16|x86
		release_32|x64 = release_32|x64
		release_32|x86 = release_32|x86
		release_64|x64 = release_64|x64
		release_64|x86 = release_64|x86
	EndGlobalSection
	GlobalSection(ProjectConfigurationPlatforms) = postSolution
		{CBCD58A7-1024-4A19-9209-EF38D88858D5}.debug_16|x64.ActiveCfg = Debug_16|x64
		{CBCD58A7-1024-4A19-9209-EF38D88858D5}.debug_16|x64.Build.0 = Debug_16|x64
		{CBCD58A7-1024-4A19-9209-EF38D88858D5}.debug_16|x86.ActiveCfg = Debug_16|Win32
		{CBCD58A7-1024-4A19-9209-EF38D88858D5}.debug_16|x86.Build.0 = Debug_16|Win32
		{CBCD58A7-1024-4A19-9209-EF38D88858D5}.debug_32|x64.ActiveCfg = Debug_32|x64
		{CBCD58A7-1024-4A19-9209-EF38D88858D5}.debug_32|x64.Build.0 = Debug_32|x64
		{CBCD58A7-1024-4A19-9209-EF38D88858D5}.debug_32|x86.ActiveCfg = Debug_32|Win32
		{CBCD58A7-1024-4A19-9209-EF38D88858D5}.debug_32|x86.Build.0 = Debug_32|Win32
		{CBCD58A7-1024-4A19-9209-EF38D88858D5}.debug_64|x64.ActiveCfg = Debug_64|x64
		{CBCD58A7-1024-4A19-9209-EF38D88858D5}.debug_64|x64.Build.0 = Debug_64|x64
		{CBCD58A7-1024-4A19-9209-EF38D88858D5}.debug_64|x86.ActiveCfg = Debug_64|Win32
		{CBCD58A7-1024-4A19-9209-EF38D88858D5}.debug_64|x86.Build.0 = Debug_64|Win32
		{CBCD58A7-1024-4A19-9209-EF38D88858D5}.release_16|x64.ActiveCfg = Release_16|x64
		{CBCD58A7-1024-4A19-9209-EF38D88858D5}.release_16|x64.Build.0 = Release_16|x64
		{CBCD58A7-1024-4A19-9209-EF38D88858D5}.release_16|x86.ActiveCfg = Release_16|Win32
		{CBCD58A7-1024-4A19-9209-EF38D88858D5}.release_16|x86.Build.0 = Release_16|Win32
		{CBCD58A7-1024-4A19-9209-EF38D88858D5}.release_32|x64.ActiveCfg = Release_32|x64
		{CBCD58A7-1024-4A19-9209-EF38D88858D5}.release_32|x64.Build.0 = Release_32|x64
		{CBCD58A7-1024-4A19-9209-EF38D88858D5}.release_32|x86.ActiveCfg = Release_32|Win32
		{CBCD58A7-1024-4A19-9209-EF38D88858D5}.release_32|x86.Build.0 = Release_32|Win32
		{CBCD58A7-1024-4A19-9209-EF38D88858D5}.release_64|x64.ActiveCfg = Release_64|x64
		{CBCD58A7-1024-4A19-9209-EF38D88858D5}.release_64|x64.Build.0 = Release_64|x64
		{CBCD58A7-1024-4A19-9209-EF38D88858D5}.release_64|x86.ActiveCfg = Release_64|Win32
		{CBCD58A7-1024-4A19-9209-EF38D88858D5}.release_64|x86.Build.0 = Release_64|Win32
		{61F2A834-0295-48C6-A9CB-074E793F8801}.debug_16|x64.ActiveCfg = Debug_16|x64
		{61F2A834-0295-48C6-A9CB-074E793F8801}.debug_16|x64.Build.0 = Debug_16|x64
		{61F2A834-0295-48C6-A9CB-074E793F8801}.debug_16|x86.ActiveCfg = Debug_16|Win32
		{61F2A834-0295-48C6-A9CB-074E793F8801}.debug_16|x86.Build.0 = Debug_16|Win32
		{61F2A834-0295-48C6-A9CB-074E793F8801}.debug_32|x64.ActiveCfg = Debug_32|x64
		{61F2A834-0295-48C6-A9CB-074E793F8801}.debug_32|x64.Build.0 = Debug_32|x64
		{61F2A834-0295-48C6-A9CB-074E793F8801}.debug_32|x86.ActiveCfg = Debug_32|Win32
		{61F2A834-0295-48C6-A9CB-074E793F8801}.debug_32|x86.Build.0 = Debug_32|Win32
		{61F2A834-0295-48C6-A9CB-074E793F8801}.debug_64|x64.ActiveCfg = Debug_64|x64
		{61F2A834-0295-48C6-A9CB-074E793F8801}.debug_64|x64.Build.0 = Debug_64|x64
		{61F2A834-0295-48C6-A9CB-074E793F8801}.debug_64|x86.ActiveCfg = Debug_64|Win32
		{61F2A834-0295-48C6-A9CB-074E793F8801}.debug_64|x86.Build.0 = Debug_64|Win32
		{61F2A834-0295-48C6-A9CB-074E793F8801}.release_16|x64.ActiveCfg = Release_16|x64
		{61F2A834-0295-48C6-A9CB-074E793F8801}.release_16|x64.Build.0 = Release_16|x64
		{61F2A834-0295-48C6-A9CB-074E793F8801}.release_16|x86.ActiveCfg = Release_16|Win32
		{61F2A834-0295-48C6-A9CB-074E793F8801}.release_16|x86.Build.0 = Release_16|Win32
		{61F2A834-0295-48C6-A9CB-074E793F8801}.release_32|x64.ActiveCfg = Release_32|x64
		{61F2A834-0295-48C6-A9CB-074E793F8801}.release_32|x64.Build.0 = Release_32|x64
		{61F2A834-0295-48C6-A9CB-074E793F8801}.release_32|x86.ActiveCfg = Release_32|Win32
		{61F2A834-0295-48C6-A9CB-074E793F8801}.release_32|x86.Build.0 = Release_32|Win32
		{61F2A834-0295-48C6-A9CB-074E793F8801}.release_64|x64.ActiveCfg = Release_64|x64
		{61F2A834-0295-48C6-A9CB-074E793F8801}.release_64|x64.Build.0 = Release_64|x64
		{61F2A834-0295-48C6-A9CB-074E793F8801}.release_64|x86.ActiveCfg = Release_64|Win32
		{61F2A834-0295-48C6-A9CB-074E793F8801}.release_64|x86.Build.0 = Release_64|Win32
		{EB65AD9E-3393-42FB-A38B-5CB2CDEAE607}.debug_16|x64.ActiveCfg = Debug_16|x64
		{EB65AD9E-3393-42FB-A38B-5CB2CDEAE607}.debug_16|x64.Build.0 = Debug_16|x64
		{EB65AD9E-3393-42FB-A38B-5CB2CDEAE607}.debug_16|x86.ActiveCfg = Debug_16|Win32
		{EB65AD9E-3393-42FB-A38B-5CB2CDEAE607}.debug_16|x86.Build.0 = Debug_16|Win32
		{EB65AD9E-3393-42FB-A38B-5CB2CDEAE607}.debug_32|x64.ActiveCfg = Debug_32|x64
		{EB65AD9E-3393-42FB-A38B-5CB2CDEAE607}.debug_32|x64.Build.0 = Debug_32|x64
		{EB65AD9E-3393-42FB-A38B-5CB2CDEAE607}.debug_32|x86.ActiveCfg = Debug_32|Win32
		{EB65AD9E-3393-42FB-A38B-5CB2CDEAE607}.debug_32|x86.Build.0 = Debug_32|Win32
		{EB65AD9E-3393-42FB-A38B-5CB2CDEAE607}.debug_64|x64.ActiveCfg = Debug_64|x64
		{EB65AD9E-3393-42FB-A38B-5CB2CDEAE607}.debug_64|x64.Build.0 = Debug_64|x64
		{EB65AD9E-3393-42FB-A38B-5CB2CDEAE607}.debug_64|x86.ActiveCfg = Debug_64|Win32
		{EB65AD9E-3393-42FB-A38B-5CB2CDEAE607}.debug_64|x86.Build.0 = Debug_64|Win32
		{EB65AD9E-3393-42FB-A38B-5CB2CDEAE607}.release_16|x64.ActiveCfg = Release_16|x64
		{EB65AD9E-3393-42FB-A38B-5CB2CDEAE607}.release_16|x64.Build.0 = Release_16|x64
		{EB65AD9E-3393-42FB-A38B-5CB2CDEAE607}.release_16|x86.ActiveCfg = Release_16|Win32
		{EB65AD9E-3393-42FB-A38B-5CB2CDEAE607}.release_16|x86.Build.0 = Release_16|Win32
		{EB65AD9E-3393-42FB-A38B-5CB2CDEAE607}.release_32|x64.ActiveCfg = Release_32|x64
		{EB65AD9E-3393-42FB-A38B-5CB2CDEAE607}.release_32|x64.Build.0 = Release_32|x64
		{EB65AD9E-3393-42FB-A38B-5CB2CDEAE607}.release_32|x86.ActiveCfg = Release_32|Win32
		{EB65AD9E-3393-42FB-A38B-5CB2CDEAE607}.release_32|x86.Build.0 = Release_32|Win32
		{EB65AD9E-3393-42FB-A38B-5CB2CDEAE607}.release_64|x64.ActiveCfg = Release_64|x64
		{EB65AD9E-3393-42FB-A38B-5CB2CDEAE607}.release_64|x64.Build.0 = Release_64|x64
		{EB65AD9E-3393-42FB-A38B-5CB2CDEAE607}.release_64|x86.ActiveCfg = Release_64|Win32
		{EB65AD9E-3393-42FB-A38B-5CB2CDEAE607}.release_64|x86.Build.0 = Release_64|Win32
		{2EADD9A0-D846-4D9C-B695-633813EA4D1E}.debug_16|x64.ActiveCfg = Debug_16|x64
		{2EADD9A0-D846-4D9C-B695-633813EA4D1E}.debug_16|x64.Build.0 = Debug_16|x64
		{2EADD9A0-D846-4D9C-B695-633813EA4D1E}.debug_16|x86.ActiveCfg = Debug_16|Win32
		{2EADD9A0-D846-4D9C-B695-633813EA4D1E}.debug_16|x86.Build.0 = Debug_16|Win32
		{2EADD9A0-D846-4D9C-B695-633813EA4D1E}.debug_32|x64.ActiveCfg = Debug_32|x64
		{2EADD9A0-D846-4D9C-B695-633813EA4D1E}.debug_32|x64.Build.0 = Debug_32|x64
		{2EADD9A0-D846-4D9C-B695-633813EA4D1E}.debug_32|x86.ActiveCfg = Debug_32|Win32
		{2EADD9A0-D846-4D9C-B695-633813EA4D1E}.debug_32|x86.Build.0 = Debug_32|Win32
		{2EADD9A0-D846-4D9C-B695-633813EA4D1E}.debug_64|x64.ActiveCfg = Debug_64|x64
		{2EADD9A0-D846-4D9C-B695-633813EA4D1E}.debug_64|x64.Build.0 = Debug_64|x64
		{2EADD9A0-D846-4D9C-B695-633813EA4D1E}.debug_64|x86.ActiveCfg = Debug_64|Win32
		{2EADD9A0-D846-4D9C-B695-633813EA4D1E}.debug_64|x86.Build.0 = Debug_64|Win32
		{2EADD9A0-D846-4D9C-B695-633813EA4D1E}.release_16|x64.ActiveCfg = Release_16|x64
		{2EADD9A0-D846-4D9C-B695-633813EA4D1E}.release_16|x64.Build.0 = Release_16|x64
		{2EADD9A0-D846-4D9C-B695-633813EA4D1E}.release_16|x86.ActiveCfg = Release_16|Win32
		{2EADD9A0-D846-4D9C-B695-633813EA4D1E}.release_16|x86.Build.0 = Release_16|Win32
		{2EADD9A0-D846-4D9C-B695-633813EA4D1E}.release_32|x64.ActiveCfg = Release_32|x64
		{2EADD9A0-D846-4D9C-B695-633813EA4D1E}.release_32|x64.Build.0 = Release_32|x64
		{2EADD9A0-D846-4D9C-B695-633813EA4D1E}.release_32|x86.ActiveCfg = Release_32|Win32
		{2EADD9A0-D846-4D9C-B695-633813EA4D1E}.release_32|x86.Build.0 = Release_32|Win32
		{2EADD9A0-D846-4D9C-B695-633813EA4D1E}.release_64|x64.ActiveCfg = Release_64|x64
		{2EADD9A0-D846-4D9C-B695-633813EA4D1E}.release_64|x64.Build.0 = Release_64|x64
		{2EADD9A0-D846-4D9C-B695-633813EA4D1E}.release_64|x86.ActiveCfg = Release_64|Win32
		{2EADD9A0-D846-4D9C-B695-633813EA4D1E}.release_64|x86.Build.0 = Release_64|Win32
		{0075CF3B-0D08-4C9E-B3BD-89B2372E8EA0}.debug_16|x64.ActiveCfg = Debug_16|x64
		{0075CF3B-0D08-4C9E-B3BD-89B2372E8EA0}.debug_16|x64.Build.0 = Debug_16|x64
		{0075CF3B-0D08-4C9E-B3BD-89B2372E8EA0}.debug_16|x86.ActiveCfg = Debug_16|Win32
		{0075CF3B-0D08-4C9E-B3BD-89B2372E8EA0}.debug_16|x86.Build.0 = Debug_16|Win32
		{0075CF3B-0D08-4C9E-B3BD-89B2372E8EA0}.debug_32|x64.ActiveCfg = Debug_32|x64
		{0075CF3B-0D08-4C9E-B3BD-89B2372E8EA0}.debug_32|x64.Build.0 = Debug_32|x64
		{0075CF3B-0D08-4C9E-B3BD-89B2372E8EA0}.debug_32|x86.ActiveCfg = Debug_32|Win32
		{0075CF3B-0D08-4C9E-B3BD-89B2372E8EA0}.debug_32|x86.Build.0 = Debug_32|Win32
		{0075CF3B-0D08-4C9E-B3BD-89B2372E8EA0}.debug_64|x64.ActiveCfg = Debug_64|x64
		{0075CF3B-0D08-4C9E-B3BD-89B2372E8EA0}.debug_64|x64.Build.0 = Debug_64|x64
		{0075CF3B-0D08-4C9E-B3BD-89B2372E8EA0}.debug_64|x86.ActiveCfg = Debug_64|Win32
		{0075CF3B-0D08-4C9E-B3BD-89B2372E8EA0}.debug_64|x86.Build.0 = Debug_64|Win32
		{0075CF3B-0D08-4C9E-B3BD-89B2372E8EA0}.release_16|x64.ActiveCfg = Release_16|x64
		{0075CF3B-0D08-4C9E-B3BD-89B2372E8EA0}.release_16|x64.Build.0 = Release_16|x64
		{0075CF3B-0D08-4C9E-B3BD-89B2372E8EA0}.release_16|x86.ActiveCfg = Release_16|Win32
		{0075CF3B-0D08-4C9E-B3BD-89B2372E8EA0}.release_16|x86.Build.0 = Release_16|Win32
		{0075CF3B-0D08-4C9E-B3BD-89B2372E8EA0}.release_32|x64.ActiveCfg = Release_32|x64
		{0075CF3B-0D08-4C9E-B3BD-89B2372E8EA0}.release_32|x64.Build.0 = Release_32|x64
		{0075CF3B-0D08-4C9E-B3BD-89B2372E8EA0}.release_32|x86.ActiveCfg = Release_32|Win32
		{0075CF3B-0D08-4C9E-B3BD-89B2372E8EA0}.release_32|x86.Build.0 = Release_32|Win32
		{0075CF3B-0D08-4C9E-B3BD-89B2372E8EA0}.release_64|x64.ActiveCfg = Release_64|x64
		{0075CF3B-0D08-4C9E-B3BD-89B2372E8EA0}.release_64|x64.Build.0 = Release_64|x64
		{0075CF3B-0D08-4C9E-B3BD-89B2372E8EA0}.release_64|x86.ActiveCfg = Release_64|Win32
		{0075CF3B-0D08-4C9E-B3BD-89B2372E8EA0}.release_64|x86.Build.0 = Release_64|Win32
		{E61E589E-E77B-4878-A83B-36D36638FE90}.debug_16|x64.ActiveCfg = Debug_16|x64
		{E61E589E-E77B-4878-A83B-36D36638FE90}.debug_16|x64.Build.0 = Debug_16|x64
		{E61E589E-E77B-4878-A83B-36D36638FE90}.debug_16|x86.ActiveCfg = Debug_16|Win32
		{E61E589E-E77B-4878-A83B-36D36638FE90}.debug_16|x86.Build.0 = Debug_16|Win32
		{E61E589E-E77B-4878-A83B-36D36638FE90}.debug_32|x64.ActiveCfg = Debug_32|x64
		{E61E589E-E77B-4878-A83B-36D36638FE90}.debug_32|x64.Build.0 = Debug_32|x64
		{E61E589E-E77B-4878-A83B-36D36638FE90}.debug_32|x86.ActiveCfg = Debug_32|Win32
		{E61E589E-E77B-4878-A83B-36D36638FE90}.debug_32|x86.Build.0 = Debug_32|Win32
		{E61E589E-E77B-4878-A83B-36D36638FE90}.debug_64|x64.ActiveCfg = Debug_64|x64
		{E61E589E-E77B-4878-A83B-36D36638FE90}.debug_64|x64.Build.0 = Debug_64|x64
		{E61E589E-E77B-4878-A83B-36D36638FE90}.debug_64|x86.ActiveCfg = Debug_64|Win32
		{E61E589E-E77B-4878-A83B-36D36638FE90}.debug_64|x86.Build.0 = Debug_64|Win32
		{E61E589E-E77B-4878-A83B-36D36638FE90}.release_16|x64.ActiveCfg = Release_16|x64
		{E61E589E-E77B-4878-A83B-36D36638FE90}.release_16|x64.Build.0 = Release_16|x64
		{E61E589E-E77B-4878-A83B-36D36638FE90}.release_16|x86.ActiveCfg = Release_16|Win32
		{E61E589E-E77B-4878-A83B-36D36638FE90}.release_16|x86.Build.0 = Release_16|Win32
		{E61E589E-E77B-4878-A83B-36D36638FE90}.release_32|x64.ActiveCfg = Release_32|x64
		{E61E589E-E77B-4878-A83B-36D36638FE90}.release_32|x64.Build.0 = Release_32|x64
		{E61E589E-E77B-4878-A83B-36D36638FE90}.release_32|x86.ActiveCfg = Release_32|Win32
		{E61E589E-E77B-4878-A83B-36D36638FE90}.release_32|x86.Build.0 = Release_32|Win32
		{E61E589E-E77B-4878-A83B-36D36638FE90}.release_64|x64.ActiveCfg = Release_64|x64
		{E61E589E-E77B-4878-A83B-36D36638FE90}.release_64|x64.Build.0 = Release_64|x64
		{E61E589E-E77B-4878-A83B-36D36638FE90}.release_64|x86.ActiveCfg = Release_64|Win32
		{E61E589E-E77B-4878-A83B-36D36638FE90}.release_64|x86.Build.0 = Release_64|Win32
		{E238942B-CF4C-4370-B0D5-27F4CB9B56A8}.debug_16|x64.ActiveCfg = Debug_16|x64
		{E238942B-CF4C-4370-B0D5-27F4CB9B56A8}.debug_16|x64.Build.0 = Debug_16|x64
		{E238942B-CF4C-4370-B0D5-27F4CB9B56A8}.debug_16|x86.ActiveCfg = Debug_16|Win32
		{E238942B-CF4C-4370-B0D5-27F4CB9B56A8}.debug_16|x86.Build.0 = Debug_16|Win32
		{E238942B-CF4C-4370-B0D5-27F4CB9B56A8}.debug_32|x64.ActiveCfg = Debug_32|x64
		{E238942B-CF4C-4370-B0D5-27F4CB9B56A8}.debug_32|x64.Build.0 = Debug_32|x64
		{E238942B-CF4C-4370-B0D5-27F4CB9B56A8}.debug_32|x86.ActiveCfg = Debug_32|Win32
		{E238942B-CF4C-4370-B0D5-27F4CB9B56A8}.debug_32|x86.Build.0 = Debug_32|Win32
		{E238942B-CF4C-4370-B0D5-27F4CB9B56A8}.debug_64|x64.ActiveCfg = Debug_64|x64
		{E238942B-CF4C-4370-B0D5-27F4CB9B56A8}.debug_64|x64.Build.0 = Debug_64|x64
		{E238942B-CF4C-4370-B0D5-27F4CB9B56A8}.debug_64|x86.ActiveCfg = Debug_64|Win32
		{E238942B-CF4C-4370-B0D5-27F4CB9B56A8}.debug_64|x86.Build.0 = Debug_64|Win32
		{E238942B-CF4C-4370-B0D5-27F4CB9B56A8}.release_16|x64.ActiveCfg = Release_16|x64
		{E238942B-CF4C-4370-B0D5-27F4CB9B56A8}.release_16|x64.Build.0 = Release_16|x64
		{E238942B-CF4C-4370-B0D5-27F4CB9B56A8}.release_16|x86.ActiveCfg = Release_16|Win32
		{E238942B-CF4C-4370-B0D5-27F4CB9B56A8}.release_16|x86.Build.0 = Release_16|Win32
		{E238942B-CF4C-4370-B0D5-27F4CB9B56A8}.release_32|x64.ActiveCfg = Release_32|x64
		{E238942B-CF4C-4370-B0D5-27F4CB9B56A8}.release_32|x64.Build.0 = Release_32|x64
		{E238942B-CF4C-4370-B0D5-27F4CB9B56A8}.release_32|x86.ActiveCfg = Release_32|Win32
		{E238942B-CF4C-4370-B0D5-27F4CB9B56A8}.release_32|x86.Build.0 = Release_32|Win32
		{E238942B-CF4C-4370-B0D5-27F4CB9B56A8}.release_64|x64.ActiveCfg = Release_64|x64
		{E238942B-CF4C-4370-B0D5-27F4CB9B56A8}.release_64|x64.Build.0 = Release_64|x64
		{E238942B-CF4C-4370-B0D5-27F4CB9B56A8}.release_64|x86.ActiveCfg = Release_64|Win32
		{E238942B-CF4C-4370-B0D5-27F4CB9B56A8}.release_64|x86.Build.0 = Release_64|Win32
		{648D027B-4FE7-481E-8A95-99FE1A2C2716}.debug_16|x64.ActiveCfg = Debug_16|x64
		{648D027B-4FE7-481E-8A95-99FE1A2C2716}.debug_16|x64.Build.0 = Debug_16|x64
		{648D027B-4FE7-481E-8A95-99FE1A2C2716}.debug_16|x86.ActiveCfg = Debug_16|Win32
		{648D027B-4FE7-481E-8A95-99FE1A2C2716}.debug_16|x86.Build.0 = Debug_16|Win32
		{648D027B-4FE7-481E-8A95-99FE1A2C2716}.debug_32|x64.ActiveCfg = Debug_32|x64
		{648D027B-4FE7-481E-8A95-99FE1A2C2716}.debug_32|x64.Build.0 = Debug_32|x64
		{648D027B-4FE7-481E-8A95-99FE1A2C2716}.debug_32|x86.ActiveCfg = Debug_32|Win32
		{648D027B-4FE7-481E-8A95-99FE1A2C2716}.debug_32|x86.Build.0 = Debug_32|Win32
		{648D027B-4FE7-481E-8A95-99FE1A2C2716}.debug_64|x64.ActiveCfg = Debug_64|x64
		{648D027B-4FE7-481E-8A95-99FE1A2C2716}.debug_64|x64.Build.0 = Debug_64|x64
		{648D027B-4FE7-481E-8A95-99FE1A2C2716}.debug_64|x86.ActiveCfg = Debug_64|Win32
		{648D027B-4FE7-481E-8A95-99FE1A2C2716}.debug_64|x86.Build.0 = Debug_64|Win32
		{648D027B-4FE7-481E-8A95-99FE1A2C2716}.release_16|x64.ActiveCfg = Release_16|x64
		{648D027B-4FE7-481E-8A95-99FE1A2C2716}.release_16|x64.Build.0 = Release_16|x64
		{648D027B-4FE7-481E-8A95-99FE1A2C2716}.release_16|x86.ActiveCfg = Release_16|Win32
		{648D027B-4FE7-481E-8A95-99FE1A2C2716}.release_16|x86.Build.0 = Release_16|Win32
		{648D027B-4FE7-481E-8A95-99FE1A2C2716}.release_32|x64.ActiveCfg = Release_32|x64
		{648D027B-4FE7-481E-8A95-99FE1A2C2716}.release_32|x64.Build.0 = Release_32|x64
		{648D027B-4FE7-481E-8A95-99FE1A2C2716}.release_32|x86.ActiveCfg = Release_32|Win32
		{648D027B-4FE7-481E-8A95-99FE1A2C2716}.release_32|x86.Build.0 = Release_32|Win32
		{648D027B-4FE7-481E-8A95-99FE1A2C2716}.release_64|x64.ActiveCfg = Release_64|x64
		{648D027B-4FE7-481E-8A95-99FE1A2C2716}.release_64|x64.Build.0 = Release_64|x64
		{648D027B-4FE7-481E-8A95-99FE1A2C2716}.release_64|x86.ActiveCfg = Release_64|Win32
		{648D027B-4FE7-481E-8A95-99FE1A2C2716}.release_64|x86.Build.0 = Release_64|Win32
		{A9F753E0-8C3F-4703-B4C6-170B9AF2F8C9}.debug_16|x64.ActiveCfg = Debug_16|x64
		{A9F753E0-8C3F-4703-B4C6-170B9AF2F8C9}.debug_16|x64.Build.0 = Debug_16|x64
		{A9F753E0-8C3F-4703-B4C6-170B9AF2F8C9}.debug_16|x86.ActiveCfg = Debug_16|Win32
		{A9F753E0-8C3F-4703-B4C6-170B9AF2F8C9}.debug_16|x86.Build.0 = Debug_16|Win32
		{A9F753E0-8C3F-4703-B4C6-170B9AF2F8C9}.debug_32|x64.ActiveCfg = Debug_32|x64
		{A9F753E0-8C3F-4703-B4C6-170B9AF2F8C9}.debug_32|x64.Build.0 = Debug_32|x64
		{A9F753E0-8C3F-4703-B4C6-170B9AF2F8C9}.debug_32|x86.ActiveCfg = Debug_32|Win32
		{A9F753E0-8C3F-4703-B4C6-170B9AF2F8C9}.debug_32|x86.Build.0 = Debug_32|Win32
		{A9F753E0-8C3F-4703-B4C6-170B9AF2F8C9}.debug_64|x64.ActiveCfg = Debug_64|x64
		{A9F753E0-8C3F-4703-B4C6-170B9AF2F8C9}.debug_64|x64.Build.0 = Debug_64|x64
		{A9F753E0-8C3F-4703-B4C6-170B9AF2F8C9}.debug_64|x86.ActiveCfg = Debug_64|Win32
		{A9F753E0-8C3F-4703-B4C6-170B9AF2F8C9}.debug_64|x86.Build.0 = Debug_64|Win32
		{A9F753E0-8C3F-4703-B4C6-170B9AF2F8C9}.release_16|x64.ActiveCfg = Release_16|x64
		{A9F753E0-8C3F-4703-B4C6-170B9AF2F8C9}.release_16|x64.Build.0 = Release_16|x64
		{A9F753E0-8C3F-4703-B4C6-170B9AF2F8C9}.release_16|x86.ActiveCfg = Release_16|Win32
		{A9F753E0-8C3F-4703-B4C6-170B9AF2F8C9}.release_16|x86.Build.0 = Release_16|Win32
		{A9F753E0-8C3F-4703-B4C6-170B9AF2F8C9}.release_32|x64.ActiveCfg = Release_32|x64
		{A9F753E0-8C3F-4703-B4C6-170B9AF2F8C9}.release_32|x64.Build.0 = Release_32|x64
		{A9F753E0-8C3F-4703-B4C6-170B9AF2F8C9}.release_32|x86.ActiveCfg = Release_32|Win32
		{A9F753E0-8C3F-4703-B4C6-170B9AF2F8C9}.release_32|x86.Build.0 = Release_32|Win32
		{A9F753E0-8C3F-4703-B4C6-170B9AF2F8C9}.release_64|x64.ActiveCfg = Release_64|x64
		{A9F753E0-8C3F-4703-B4C6-170B9AF2F8C9}.release_64|x64.Build.0 = Release_64|x64
		{A9F753E0-8C3F-4703-B4C6-170B9AF2F8C9}.release_64|x86.ActiveCfg = Release_64|Win32
		{A9F753E0-8C3F-4703-B4C6-170B9AF2F8C9}.release_64|x86.Build.0 = Release_64|Win32
		{37114AD9-036F-4A92-9C99-C7C431556A66}.debug_16|x64.ActiveCfg = Debug_16|x64
		{37114AD9-036F-4A92-9C99-C7C431556A66}.debug_16|x64.Build.0 = Debug_16|x64
		{37114AD9-036F-4A92-9C99-C7C431556A66}.debug_16|x86.ActiveCfg = Debug_16|Win32
		{37114AD9-036F-4A92-9C99-C7C431556A66}.debug_16|x86.Build.0 = Debug_16|Win32
		{37114AD9-036F-4A92-9C99-C7C431556A66}.debug_32|x64.ActiveCfg = Debug_32|x64
		{37114AD9-036F-4A92-9C99-C7C431556A66}.debug_32|x64.Build.0 = Debug_32|x64
		{37114AD9-036F-4A92-9C99-C7C431556A66}.debug_32|x86.ActiveCfg = Debug_32|Win32
		{37114AD9-036F-4A92-9C99-C7C431556A66}.debug_32|x86.Build.0 = Debug_32|Win32
		{37114AD9-036F-4A92-9C99-C7C431556A66}.debug_64|x64.ActiveCfg = Debug_64|x64
		{37114AD9-036F-4A92-9C99-C7C431556A66}.debug_64|x64.Build.0 = Debug_64|x64
		{37114AD9-036F-4A92-9C99-C7C431556A66}.debug_64|x86.ActiveCfg = Debug_64|Win32
		{37114AD9-036F-4A92-9C99-C7C431556A66}.debug_64|x86.Build.0 = Debug_64|Win32
		{37114AD9-036F-4A92-9C99-C7C431556A66}.release_16|x64.ActiveCfg = Release_16|x64
		{37114AD9-036F-4A92-9C99-C7C431556A66}.release_16|x64.Build.0 = Release_16|x64
		{37114AD9-036F-4A92-9C99-C7C431556A66}.release_16|x86.ActiveCfg = Release_16|Win32
		{37114AD9-036F-4A92-9C99-C7C431556A66}.release_16|x86.Build.0 = Release_16|Win32
		{37114AD9-036F-4A92-9C99-C7C431556A66}.release_32|x64.ActiveCfg = Release_32|x64
		{37114AD9-036F-4A92-9C99-C7C431556A66}.release_32|x64.Build.0 = Release_32|x64
		{37114AD9-036F-4A92-9C99-C7C431556A66}.release_32|x86.ActiveCfg = Release_32|Win32
		{37114AD9-036F-4A92-9C99-C7C431556A66}.release_32|x86.Build.0 = Release_32|Win32
		{37114AD9-036F-4A92-9C99-C7C431556A66}.release_64|x64.ActiveCfg = Release_64|x64
		{37114AD9-036F-4A92-9C99-C7C431556A66}.release_64|x64.Build.0 = Release_64|x64
		{37114AD9-036F-4A92-9C99-C7C431556A66}.release_64|x86.ActiveCfg = Release_64|Win32
		{37114AD9-036F-4A92-9C99-C7C431556A66}.release_64|x86.Build.0 = Release_64|Win32
	EndGlobalSection
	GlobalSection(SolutionProperties) = preSolution
		HideSolutionNode = FALSE
	EndGlobalSection
	GlobalSection(NestedProjects) = preSolution
		{EB65AD9E-3393-42FB-A38B-5CB2CDEAE607} = {82770734-7810-434C-8D6B-ED997240B947}
		{2EADD9A0-D846-4D9C-B695-633813EA4D1E} = {3B807CE5-ED41-4EEF-B1A3-19865B971163}
		{0075CF3B-0D08-4C9E-B3BD-89B2372E8EA0} = {3B807CE5-ED41-4EEF-B1A3-19865B971163}
		{E61E589E-E77B-4878-A83B-36D36638FE90} = {3B807CE5-ED41-4EEF-B1A3-19865B971163}
		{3B807CE5-ED41-4EEF-B1A3-19865B971163} = {82770734-7810-434C-8D6B-ED997240B947}
		{E238942B-CF4C-4370-B0D5-27F4CB9B56A8} = {82770734-7810-434C-8D6B-ED997240B947}
		{7E31CC37-6D99-400E-B5CD-634CD06C6796} = {82770734-7810-434C-8D6B-ED997240B947}
		{648D027B-4FE7-481E-8A95-99FE1A2C2716} = {7E31CC37-6D99-400E-B5CD-634CD06C6796}
		{A9F753E0-8C3F-4703-B4C6-170B9AF2F8C9} = {7E31CC37-6D99-400E-B5CD-634CD06C6796}
		{37114AD9-036F-4A92-9C99-C7C431556A66} = {7E31CC37-6D99-400E-B5CD-634CD06C6796}
	EndGlobalSection
	GlobalSection(ExtensibilityGlobals) = postSolution
		SolutionGuid = {A6B83364-4B44-4357-8C0B-5C5EF1A01B40}
	EndGlobalSection
EndGlobal
